// !$*UTF8*$!
{
	archiveVersion = 1;
	classes = {
	};
	objectVersion = 46;
	objects = {

/* Begin PBXBuildFile section */
		418338E827D3B7C0F30F1C88 /* Pods_Wallflower.framework in Frameworks */ = {isa = PBXBuildFile; fileRef = BBE202DBFCE43BAF2881956B /* Pods_Wallflower.framework */; };
		B886989B1C01DCE00082448E /* AppDelegate.swift in Sources */ = {isa = PBXBuildFile; fileRef = B886989A1C01DCE00082448E /* AppDelegate.swift */; };
		B886989D1C01DCE00082448E /* ViewController.swift in Sources */ = {isa = PBXBuildFile; fileRef = B886989C1C01DCE00082448E /* ViewController.swift */; };
		B88698A01C01DCE00082448E /* Main.storyboard in Resources */ = {isa = PBXBuildFile; fileRef = B886989E1C01DCE00082448E /* Main.storyboard */; };
		B88698A21C01DCE00082448E /* Assets.xcassets in Resources */ = {isa = PBXBuildFile; fileRef = B88698A11C01DCE00082448E /* Assets.xcassets */; };
		B88698A51C01DCE00082448E /* LaunchScreen.storyboard in Resources */ = {isa = PBXBuildFile; fileRef = B88698A31C01DCE00082448E /* LaunchScreen.storyboard */; };
/* End PBXBuildFile section */

/* Begin PBXFileReference section */
		7CFDA2AF8E6D354C48354EBB /* Pods-Wallflower.debug.xcconfig */ = {isa = PBXFileReference; includeInIndex = 1; lastKnownFileType = text.xcconfig; name = "Pods-Wallflower.debug.xcconfig"; path = "Pods/Target Support Files/Pods-Wallflower/Pods-Wallflower.debug.xcconfig"; sourceTree = "<group>"; };
		8938802F6EE53B76407A5532 /* Pods-Wallflower.release.xcconfig */ = {isa = PBXFileReference; includeInIndex = 1; lastKnownFileType = text.xcconfig; name = "Pods-Wallflower.release.xcconfig"; path = "Pods/Target Support Files/Pods-Wallflower/Pods-Wallflower.release.xcconfig"; sourceTree = "<group>"; };
		B88698971C01DCE00082448E /* Wallflower.app */ = {isa = PBXFileReference; explicitFileType = wrapper.application; includeInIndex = 0; path = Wallflower.app; sourceTree = BUILT_PRODUCTS_DIR; };
		B886989A1C01DCE00082448E /* AppDelegate.swift */ = {isa = PBXFileReference; lastKnownFileType = sourcecode.swift; path = AppDelegate.swift; sourceTree = "<group>"; };
		B886989C1C01DCE00082448E /* ViewController.swift */ = {isa = PBXFileReference; lastKnownFileType = sourcecode.swift; path = ViewController.swift; sourceTree = "<group>"; };
		B886989F1C01DCE00082448E /* Base */ = {isa = PBXFileReference; lastKnownFileType = file.storyboard; name = Base; path = Base.lproj/Main.storyboard; sourceTree = "<group>"; };
		B88698A11C01DCE00082448E /* Assets.xcassets */ = {isa = PBXFileReference; lastKnownFileType = folder.assetcatalog; path = Assets.xcassets; sourceTree = "<group>"; };
		B88698A41C01DCE00082448E /* Base */ = {isa = PBXFileReference; lastKnownFileType = file.storyboard; name = Base; path = Base.lproj/LaunchScreen.storyboard; sourceTree = "<group>"; };
		B88698A61C01DCE00082448E /* Info.plist */ = {isa = PBXFileReference; lastKnownFileType = text.plist.xml; path = Info.plist; sourceTree = "<group>"; };
		BBE202DBFCE43BAF2881956B /* Pods_Wallflower.framework */ = {isa = PBXFileReference; explicitFileType = wrapper.framework; includeInIndex = 0; path = Pods_Wallflower.framework; sourceTree = BUILT_PRODUCTS_DIR; };
/* End PBXFileReference section */

/* Begin PBXFrameworksBuildPhase section */
		B88698941C01DCE00082448E /* Frameworks */ = {
			isa = PBXFrameworksBuildPhase;
			buildActionMask = 2147483647;
			files = (
				418338E827D3B7C0F30F1C88 /* Pods_Wallflower.framework in Frameworks */,
			);
			runOnlyForDeploymentPostprocessing = 0;
		};
/* End PBXFrameworksBuildPhase section */

/* Begin PBXGroup section */
		769E5F8DF4A71E6DBC1ABE10 /* Frameworks */ = {
			isa = PBXGroup;
			children = (
				BBE202DBFCE43BAF2881956B /* Pods_Wallflower.framework */,
			);
			name = Frameworks;
			sourceTree = "<group>";
		};
		9F453BCCCDCB4596E2E93C56 /* Pods */ = {
			isa = PBXGroup;
			children = (
				7CFDA2AF8E6D354C48354EBB /* Pods-Wallflower.debug.xcconfig */,
				8938802F6EE53B76407A5532 /* Pods-Wallflower.release.xcconfig */,
			);
			name = Pods;
			sourceTree = "<group>";
		};
		B886988E1C01DCE00082448E = {
			isa = PBXGroup;
			children = (
				B88698991C01DCE00082448E /* Wallflower */,
				B88698981C01DCE00082448E /* Products */,
				9F453BCCCDCB4596E2E93C56 /* Pods */,
				769E5F8DF4A71E6DBC1ABE10 /* Frameworks */,
			);
			sourceTree = "<group>";
		};
		B88698981C01DCE00082448E /* Products */ = {
			isa = PBXGroup;
			children = (
				B88698971C01DCE00082448E /* Wallflower.app */,
			);
			name = Products;
			sourceTree = "<group>";
		};
		B88698991C01DCE00082448E /* Wallflower */ = {
			isa = PBXGroup;
			children = (
				B886989A1C01DCE00082448E /* AppDelegate.swift */,
				B886989C1C01DCE00082448E /* ViewController.swift */,
				B886989E1C01DCE00082448E /* Main.storyboard */,
				B88698A11C01DCE00082448E /* Assets.xcassets */,
				B88698A31C01DCE00082448E /* LaunchScreen.storyboard */,
				B88698A61C01DCE00082448E /* Info.plist */,
			);
			path = Wallflower;
			sourceTree = "<group>";
		};
/* End PBXGroup section */

/* Begin PBXNativeTarget section */
		B88698961C01DCE00082448E /* Wallflower */ = {
			isa = PBXNativeTarget;
			buildConfigurationList = B88698A91C01DCE00082448E /* Build configuration list for PBXNativeTarget "Wallflower" */;
			buildPhases = (
				EBCE98C8BBF52DBD23B147F2 /* Check Pods Manifest.lock */,
				B88698931C01DCE00082448E /* Sources */,
				B88698941C01DCE00082448E /* Frameworks */,
				B88698951C01DCE00082448E /* Resources */,
				D0FB0DBA36D2F10B21F6F9C5 /* Embed Pods Frameworks */,
				C1D0A6373A0CA85350D665CF /* Copy Pods Resources */,
			);
			buildRules = (
			);
			dependencies = (
			);
			name = Wallflower;
			productName = Wallflower;
			productReference = B88698971C01DCE00082448E /* Wallflower.app */;
			productType = "com.apple.product-type.application";
		};
/* End PBXNativeTarget section */

/* Begin PBXProject section */
		B886988F1C01DCE00082448E /* Project object */ = {
			isa = PBXProject;
			attributes = {
				LastSwiftUpdateCheck = 0710;
				LastUpgradeCheck = 0710;
				ORGANIZATIONNAME = "Justin Loew";
				TargetAttributes = {
					B88698961C01DCE00082448E = {
						CreatedOnToolsVersion = 7.1.1;
					};
				};
			};
			buildConfigurationList = B88698921C01DCE00082448E /* Build configuration list for PBXProject "Wallflower" */;
			compatibilityVersion = "Xcode 3.2";
			developmentRegion = English;
			hasScannedForEncodings = 0;
			knownRegions = (
				en,
				Base,
			);
			mainGroup = B886988E1C01DCE00082448E;
			productRefGroup = B88698981C01DCE00082448E /* Products */;
			projectDirPath = "";
			projectRoot = "";
			targets = (
				B88698961C01DCE00082448E /* Wallflower */,
			);
		};
/* End PBXProject section */

/* Begin PBXResourcesBuildPhase section */
		B88698951C01DCE00082448E /* Resources */ = {
			isa = PBXResourcesBuildPhase;
			buildActionMask = 2147483647;
			files = (
				B88698A51C01DCE00082448E /* LaunchScreen.storyboard in Resources */,
				B88698A21C01DCE00082448E /* Assets.xcassets in Resources */,
				B88698A01C01DCE00082448E /* Main.storyboard in Resources */,
			);
			runOnlyForDeploymentPostprocessing = 0;
		};
/* End PBXResourcesBuildPhase section */

/* Begin PBXShellScriptBuildPhase section */
		C1D0A6373A0CA85350D665CF /* Copy Pods Resources */ = {
			isa = PBXShellScriptBuildPhase;
			buildActionMask = 2147483647;
			files = (
			);
			inputPaths = (
			);
			name = "Copy Pods Resources";
			outputPaths = (
			);
			runOnlyForDeploymentPostprocessing = 0;
			shellPath = /bin/sh;
			shellScript = "\"${SRCROOT}/Pods/Target Support Files/Pods-Wallflower/Pods-Wallflower-resources.sh\"\n";
			showEnvVarsInLog = 0;
		};
		D0FB0DBA36D2F10B21F6F9C5 /* Embed Pods Frameworks */ = {
			isa = PBXShellScriptBuildPhase;
			buildActionMask = 2147483647;
			files = (
			);
			inputPaths = (
			);
			name = "Embed Pods Frameworks";
			outputPaths = (
			);
			runOnlyForDeploymentPostprocessing = 0;
			shellPath = /bin/sh;
			shellScript = "\"${SRCROOT}/Pods/Target Support Files/Pods-Wallflower/Pods-Wallflower-frameworks.sh\"\n";
			showEnvVarsInLog = 0;
		};
		EBCE98C8BBF52DBD23B147F2 /* Check Pods Manifest.lock */ = {
			isa = PBXShellScriptBuildPhase;
			buildActionMask = 2147483647;
			files = (
			);
			inputPaths = (
			);
			name = "Check Pods Manifest.lock";
			outputPaths = (
			);
			runOnlyForDeploymentPostprocessing = 0;
			shellPath = /bin/sh;
			shellScript = "diff \"${PODS_ROOT}/../Podfile.lock\" \"${PODS_ROOT}/Manifest.lock\" > /dev/null\nif [[ $? != 0 ]] ; then\n    cat << EOM\nerror: The sandbox is not in sync with the Podfile.lock. Run 'pod install' or update your CocoaPods installation.\nEOM\n    exit 1\nfi\n";
			showEnvVarsInLog = 0;
		};
/* End PBXShellScriptBuildPhase section */

/* Begin PBXSourcesBuildPhase section */
		B88698931C01DCE00082448E /* Sources */ = {
			isa = PBXSourcesBuildPhase;
			buildActionMask = 2147483647;
			files = (
				B886989D1C01DCE00082448E /* ViewController.swift in Sources */,
				B886989B1C01DCE00082448E /* AppDelegate.swift in Sources */,
			);
			runOnlyForDeploymentPostprocessing = 0;
		};
/* End PBXSourcesBuildPhase section */

/* Begin PBXVariantGroup section */
		B886989E1C01DCE00082448E /* Main.storyboard */ = {
			isa = PBXVariantGroup;
			children = (
				B886989F1C01DCE00082448E /* Base */,
			);
			name = Main.storyboard;
			sourceTree = "<group>";
		};
		B88698A31C01DCE00082448E /* LaunchScreen.storyboard */ = {
			isa = PBXVariantGroup;
			children = (
				B88698A41C01DCE00082448E /* Base */,
			);
			name = LaunchScreen.storyboard;
			sourceTree = "<group>";
		};
/* End PBXVariantGroup section */

/* Begin XCBuildConfiguration section */
		B88698A71C01DCE00082448E /* Debug */ = {
			isa = XCBuildConfiguration;
			buildSettings = {
				ALWAYS_SEARCH_USER_PATHS = NO;
				CLANG_CXX_LANGUAGE_STANDARD = "gnu++0x";
				CLANG_CXX_LIBRARY = "libc++";
				CLANG_ENABLE_MODULES = YES;
				CLANG_ENABLE_OBJC_ARC = YES;
				CLANG_WARN_BOOL_CONVERSION = YES;
				CLANG_WARN_CONSTANT_CONVERSION = YES;
				CLANG_WARN_DIRECT_OBJC_ISA_USAGE = YES_ERROR;
				CLANG_WARN_EMPTY_BODY = YES;
				CLANG_WARN_ENUM_CONVERSION = YES;
				CLANG_WARN_INT_CONVERSION = YES;
				CLANG_WARN_OBJC_ROOT_CLASS = YES_ERROR;
				CLANG_WARN_UNREACHABLE_CODE = YES;
				CLANG_WARN__DUPLICATE_METHOD_MATCH = YES;
				"CODE_SIGN_IDENTITY[sdk=iphoneos*]" = "iPhone Developer";
				COPY_PHASE_STRIP = NO;
				DEBUG_INFORMATION_FORMAT = dwarf;
				ENABLE_STRICT_OBJC_MSGSEND = YES;
				ENABLE_TESTABILITY = YES;
				GCC_C_LANGUAGE_STANDARD = gnu99;
				GCC_DYNAMIC_NO_PIC = NO;
				GCC_NO_COMMON_BLOCKS = YES;
				GCC_OPTIMIZATION_LEVEL = 0;
				GCC_PREPROCESSOR_DEFINITIONS = (
					"DEBUG=1",
					"$(inherited)",
				);
				GCC_WARN_64_TO_32_BIT_CONVERSION = YES;
				GCC_WARN_ABOUT_RETURN_TYPE = YES_ERROR;
				GCC_WARN_UNDECLARED_SELECTOR = YES;
				GCC_WARN_UNINITIALIZED_AUTOS = YES_AGGRESSIVE;
				GCC_WARN_UNUSED_FUNCTION = YES;
				GCC_WARN_UNUSED_VARIABLE = YES;
				IPHONEOS_DEPLOYMENT_TARGET = 9.1;
				MTL_ENABLE_DEBUG_INFO = YES;
				ONLY_ACTIVE_ARCH = YES;
				SDKROOT = iphoneos;
				SWIFT_OPTIMIZATION_LEVEL = "-Onone";
			};
			name = Debug;
		};
		B88698A81C01DCE00082448E /* Release */ = {
			isa = XCBuildConfiguration;
			buildSettings = {
				ALWAYS_SEARCH_USER_PATHS = NO;
				CLANG_CXX_LANGUAGE_STANDARD = "gnu++0x";
				CLANG_CXX_LIBRARY = "libc++";
				CLANG_ENABLE_MODULES = YES;
				CLANG_ENABLE_OBJC_ARC = YES;
				CLANG_WARN_BOOL_CONVERSION = YES;
				CLANG_WARN_CONSTANT_CONVERSION = YES;
				CLANG_WARN_DIRECT_OBJC_ISA_USAGE = YES_ERROR;
				CLANG_WARN_EMPTY_BODY = YES;
				CLANG_WARN_ENUM_CONVERSION = YES;
				CLANG_WARN_INT_CONVERSION = YES;
				CLANG_WARN_OBJC_ROOT_CLASS = YES_ERROR;
				CLANG_WARN_UNREACHABLE_CODE = YES;
				CLANG_WARN__DUPLICATE_METHOD_MATCH = YES;
				"CODE_SIGN_IDENTITY[sdk=iphoneos*]" = "iPhone Developer";
				COPY_PHASE_STRIP = NO;
				DEBUG_INFORMATION_FORMAT = "dwarf-with-dsym";
				ENABLE_NS_ASSERTIONS = NO;
				ENABLE_STRICT_OBJC_MSGSEND = YES;
				GCC_C_LANGUAGE_STANDARD = gnu99;
				GCC_NO_COMMON_BLOCKS = YES;
				GCC_WARN_64_TO_32_BIT_CONVERSION = YES;
				GCC_WARN_ABOUT_RETURN_TYPE = YES_ERROR;
				GCC_WARN_UNDECLARED_SELECTOR = YES;
				GCC_WARN_UNINITIALIZED_AUTOS = YES_AGGRESSIVE;
				GCC_WARN_UNUSED_FUNCTION = YES;
				GCC_WARN_UNUSED_VARIABLE = YES;
				IPHONEOS_DEPLOYMENT_TARGET = 9.1;
				MTL_ENABLE_DEBUG_INFO = NO;
				SDKROOT = iphoneos;
				VALIDATE_PRODUCT = YES;
			};
			name = Release;
		};
		B88698AA1C01DCE00082448E /* Debug */ = {
			isa = XCBuildConfiguration;
			baseConfigurationReference = 7CFDA2AF8E6D354C48354EBB /* Pods-Wallflower.debug.xcconfig */;
			buildSettings = {
				ASSETCATALOG_COMPILER_APPICON_NAME = AppIcon;
				INFOPLIST_FILE = Wallflower/Info.plist;
				LD_RUNPATH_SEARCH_PATHS = "$(inherited) @executable_path/Frameworks";
				PRODUCT_BUNDLE_IDENTIFIER = com.justinloew.Wallflower;
				PRODUCT_NAME = "$(TARGET_NAME)";
			};
			name = Debug;
		};
		B88698AB1C01DCE00082448E /* Release */ = {
			isa = XCBuildConfiguration;
			baseConfigurationReference = 8938802F6EE53B76407A5532 /* Pods-Wallflower.release.xcconfig */;
			buildSettings = {
				ASSETCATALOG_COMPILER_APPICON_NAME = AppIcon;
				INFOPLIST_FILE = Wallflower/Info.plist;
				LD_RUNPATH_SEARCH_PATHS = "$(inherited) @executable_path/Frameworks";
				PRODUCT_BUNDLE_IDENTIFIER = com.justinloew.Wallflower;
				PRODUCT_NAME = "$(TARGET_NAME)";
			};
			name = Release;
		};
/* End XCBuildConfiguration section */

/* Begin XCConfigurationList section */
		B88698921C01DCE00082448E /* Build configuration list for PBXProject "Wallflower" */ = {
			isa = XCConfigurationList;
			buildConfigurations = (
				B88698A71C01DCE00082448E /* Debug */,
				B88698A81C01DCE00082448E /* Release */,
			);
			defaultConfigurationIsVisible = 0;
			defaultConfigurationName = Release;
		};
		B88698A91C01DCE00082448E /* Build configuration list for PBXNativeTarget "Wallflower" */ = {
			isa = XCConfigurationList;
			buildConfigurations = (
				B88698AA1C01DCE00082448E /* Debug */,
				B88698AB1C01DCE00082448E /* Release */,
			);
			defaultConfigurationIsVisible = 0;
			defaultConfigurationName = Release;
		};
/* End XCConfigurationList section */
	};
	rootObject = B886988F1C01DCE00082448E /* Project object */;
}
